
Microsoft Visual Studio Solution File, Format Version 12.00
# Visual Studio 15
VisualStudioVersion = 15.0.28307.271
MinimumVisualStudioVersion = 10.0.40219.1
Project("{888888A0-9F3D-457C-B088-3A5042F75D52}") = "TensorCat", "TensorCat.pyproj", "{20AA61C4-723E-4591-8D81-82F4D0D785CB}"
EndProject
Global
	GlobalSection(SolutionConfigurationPlatforms) = preSolution
		Debug|Any CPU = Debug|Any CPU
		Release|Any CPU = Release|Any CPU
	EndGlobalSection
	GlobalSection(ProjectConfigurationPlatforms) = postSolution
		{20AA61C4-723E-4591-8D81-82F4D0D785CB}.Debug|Any CPU.ActiveCfg = Debug|Any CPU
		{20AA61C4-723E-4591-8D81-82F4D0D785CB}.Release|Any CPU.ActiveCfg = Release|Any CPU
	EndGlobalSection
	GlobalSection(SolutionProperties) = preSolution
		HideSolutionNode = FALSE
	EndGlobalSection
	GlobalSection(ExtensibilityGlobals) = postSolution
		SolutionGuid = {756D5DCA-96DF-4AC4-8F0B-166BBAB70C01}
	EndGlobalSection
EndGlobal
